
Microsoft Visual Studio Solution File, Format Version 12.00
# Visual Studio Version 17
VisualStudioVersion = 17.14.36717.8 d17.14
MinimumVisualStudioVersion = 10.0.40219.1
Project("{54A90642-561A-4BB1-A94E-469ADEE60C69}") = "contacts.client", "contacts.client\contacts.client.esproj", "{AD506451-A830-644A-2CCF-4C2B41353DED}"
EndProject
Project("{FAE04EC0-301F-11D3-BF4B-00C04F79EFBC}") = "Contacts.Server", "Contacts.Server\Contacts.Server.csproj", "{C4518436-56D0-4426-83EB-5100AA2900C6}"
EndProject
Global
	GlobalSection(SolutionConfigurationPlatforms) = preSolution
		Debug|Any CPU = Debug|Any CPU
		Release|Any CPU = Release|Any CPU
	EndGlobalSection
	GlobalSection(ProjectConfigurationPlatforms) = postSolution
		{AD506451-A830-644A-2CCF-4C2B41353DED}.Debug|Any CPU.ActiveCfg = Debug|Any CPU
		{AD506451-A830-644A-2CCF-4C2B41353DED}.Debug|Any CPU.Build.0 = Debug|Any CPU
		{AD506451-A830-644A-2CCF-4C2B41353DED}.Debug|Any CPU.Deploy.0 = Debug|Any CPU
		{AD506451-A830-644A-2CCF-4C2B41353DED}.Release|Any CPU.ActiveCfg = Release|Any CPU
		{AD506451-A830-644A-2CCF-4C2B41353DED}.Release|Any CPU.Build.0 = Release|Any CPU
		{AD506451-A830-644A-2CCF-4C2B41353DED}.Release|Any CPU.Deploy.0 = Release|Any CPU
		{C4518436-56D0-4426-83EB-5100AA2900C6}.Debug|Any CPU.ActiveCfg = Debug|Any CPU
		{C4518436-56D0-4426-83EB-5100AA2900C6}.Debug|Any CPU.Build.0 = Debug|Any CPU
		{C4518436-56D0-4426-83EB-5100AA2900C6}.Release|Any CPU.ActiveCfg = Release|Any CPU
		{C4518436-56D0-4426-83EB-5100AA2900C6}.Release|Any CPU.Build.0 = Release|Any CPU
	EndGlobalSection
	GlobalSection(SolutionProperties) = preSolution
		HideSolutionNode = FALSE
	EndGlobalSection
	GlobalSection(ExtensibilityGlobals) = postSolution
		SolutionGuid = {C66DA9D9-9FC6-41BF-BA01-FC159995CE0E}
	EndGlobalSection
EndGlobal
